Microsoft Visual Studio Solution File, Format Version 12.00
# Visual Studio 2012
Project("{FAE04EC0-301F-11D3-BF4B-00C04F79EFBC}") = "Ski Game 1", "Ski Game 1.csproj", "{EF22DFF2-05CC-442B-8446-89FDE7E3897A}"
EndProject
Global
	GlobalSection(SolutionConfigurationPlatforms) = preSolution
	Debug|Any CPU = Debug|Any CPU
	ExportDebug|Any CPU = ExportDebug|Any CPU
	ExportRelease|Any CPU = ExportRelease|Any CPU
	EndGlobalSection
	GlobalSection(ProjectConfigurationPlatforms) = postSolution
		{EF22DFF2-05CC-442B-8446-89FDE7E3897A}.Debug|Any CPU.ActiveCfg = Debug|Any CPU
		{EF22DFF2-05CC-442B-8446-89FDE7E3897A}.Debug|Any CPU.Build.0 = Debug|Any CPU
		{EF22DFF2-05CC-442B-8446-89FDE7E3897A}.ExportDebug|Any CPU.ActiveCfg = ExportDebug|Any CPU
		{EF22DFF2-05CC-442B-8446-89FDE7E3897A}.ExportDebug|Any CPU.Build.0 = ExportDebug|Any CPU
		{EF22DFF2-05CC-442B-8446-89FDE7E3897A}.ExportRelease|Any CPU.ActiveCfg = ExportRelease|Any CPU
		{EF22DFF2-05CC-442B-8446-89FDE7E3897A}.ExportRelease|Any CPU.Build.0 = ExportRelease|Any CPU
	EndGlobalSection
EndGlobal
